// !$*UTF8*$!
{
	archiveVersion = 1;
	classes = {
	};
	objectVersion = 46;
	objects = {

/* Begin PBXBuildFile section */
		4734EFAD1D11233B0000EF12 /* main.m in Sources */ = {isa = PBXBuildFile; fileRef = 4734EFAC1D11233B0000EF12 /* main.m */; };
		4734EFB01D11233B0000EF12 /* AppDelegate.m in Sources */ = {isa = PBXBuildFile; fileRef = 4734EFAF1D11233B0000EF12 /* AppDelegate.m */; };
		4734EFB31D11233B0000EF12 /* ViewController.m in Sources */ = {isa = PBXBuildFile; fileRef = 4734EFB21D11233B0000EF12 /* ViewController.m */; };
		4734EFB61D11233B0000EF12 /* Main.storyboard in Resources */ = {isa = PBXBuildFile; fileRef = 4734EFB41D11233B0000EF12 /* Main.storyboard */; };
		4734EFB81D11233B0000EF12 /* Assets.xcassets in Resources */ = {isa = PBXBuildFile; fileRef = 4734EFB71D11233B0000EF12 /* Assets.xcassets */; };
		4734EFBB1D11233B0000EF12 /* LaunchScreen.storyboard in Resources */ = {isa = PBXBuildFile; fileRef = 4734EFB91D11233B0000EF12 /* LaunchScreen.storyboard */; };
		4734EFC61D11233B0000EF12 /* AnimatedSendGiftTests.m in Sources */ = {isa = PBXBuildFile; fileRef = 4734EFC51D11233B0000EF12 /* AnimatedSendGiftTests.m */; };
		4734EFD11D11233B0000EF12 /* AnimatedSendGiftUITests.m in Sources */ = {isa = PBXBuildFile; fileRef = 4734EFD01D11233B0000EF12 /* AnimatedSendGiftUITests.m */; };
/* End PBXBuildFile section */

/* Begin PBXContainerItemProxy section */
		4734EFC21D11233B0000EF12 /* PBXContainerItemProxy */ = {
			isa = PBXContainerItemProxy;
			containerPortal = 4734EFA01D11233B0000EF12 /* Project object */;
			proxyType = 1;
			remoteGlobalIDString = 4734EFA71D11233B0000EF12;
			remoteInfo = AnimatedSendGift;
		};
		4734EFCD1D11233B0000EF12 /* PBXContainerItemProxy */ = {
			isa = PBXContainerItemProxy;
			containerPortal = 4734EFA01D11233B0000EF12 /* Project object */;
			proxyType = 1;
			remoteGlobalIDString = 4734EFA71D11233B0000EF12;
			remoteInfo = AnimatedSendGift;
		};
/* End PBXContainerItemProxy section */

/* Begin PBXFileReference section */
		4734EFA81D11233B0000EF12 /* AnimatedSendGift.app */ = {isa = PBXFileReference; explicitFileType = wrapper.application; includeInIndex = 0; path = AnimatedSendGift.app; sourceTree = BUILT_PRODUCTS_DIR; };
		4734EFAC1D11233B0000EF12 /* main.m */ = {isa = PBXFileReference; lastKnownFileType = sourcecode.c.objc; path = main.m; sourceTree = "<group>"; };
		4734EFAE1D11233B0000EF12 /* AppDelegate.h */ = {isa = PBXFileReference; lastKnownFileType = sourcecode.c.h; path = AppDelegate.h; sourceTree = "<group>"; };
		4734EFAF1D11233B0000EF12 /* AppDelegate.m */ = {isa = PBXFileReference; lastKnownFileType = sourcecode.c.objc; path = AppDelegate.m; sourceTree = "<group>"; };
		4734EFB11D11233B0000EF12 /* ViewController.h */ = {isa = PBXFileReference; lastKnownFileType = sourcecode.c.h; path = ViewController.h; sourceTree = "<group>"; };
		4734EFB21D11233B0000EF12 /* ViewController.m */ = {isa = PBXFileReference; lastKnownFileType = sourcecode.c.objc; path = ViewController.m; sourceTree = "<group>"; };
		4734EFB51D11233B0000EF12 /* Base */ = {isa = PBXFileReference; lastKnownFileType = file.storyboard; name = Base; path = Base.lproj/Main.storyboard; sourceTree = "<group>"; };
		4734EFB71D11233B0000EF12 /* Assets.xcassets */ = {isa = PBXFileReference; lastKnownFileType = folder.assetcatalog; path = Assets.xcassets; sourceTree = "<group>"; };
		4734EFBA1D11233B0000EF12 /* Base */ = {isa = PBXFileReference; lastKnownFileType = file.storyboard; name = Base; path = Base.lproj/LaunchScreen.storyboard; sourceTree = "<group>"; };
		4734EFBC1D11233B0000EF12 /* Info.plist */ = {isa = PBXFileReference; lastKnownFileType = text.plist.xml; path = Info.plist; sourceTree = "<group>"; };
		4734EFC11D11233B0000EF12 /* AnimatedSendGiftTests.xctest */ = {isa = PBXFileReference; explicitFileType = wrapper.cfbundle; includeInIndex = 0; path = AnimatedSendGiftTests.xctest; sourceTree = BUILT_PRODUCTS_DIR; };
		4734EFC51D11233B0000EF12 /* AnimatedSendGiftTests.m */ = {isa = PBXFileReference; lastKnownFileType = sourcecode.c.objc; path = AnimatedSendGiftTests.m; sourceTree = "<group>"; };
		4734EFC71D11233B0000EF12 /* Info.plist */ = {isa = PBXFileReference; lastKnownFileType = text.plist.xml; path = Info.plist; sourceTree = "<group>"; };
		4734EFCC1D11233B0000EF12 /* AnimatedSendGiftUITests.xctest */ = {isa = PBXFileReference; explicitFileType = wrapper.cfbundle; includeInIndex = 0; path = AnimatedSendGiftUITests.xctest; sourceTree = BUILT_PRODUCTS_DIR; };
		4734EFD01D11233B0000EF12 /* AnimatedSendGiftUITests.m */ = {isa = PBXFileReference; lastKnownFileType = sourcecode.c.objc; path = AnimatedSendGiftUITests.m; sourceTree = "<group>"; };
		4734EFD21D11233B0000EF12 /* Info.plist */ = {isa = PBXFileReference; lastKnownFileType = text.plist.xml; path = Info.plist; sourceTree = "<group>"; };
/* End PBXFileReference section */

/* Begin PBXFrameworksBuildPhase section */
		4734EFA51D11233B0000EF12 /* Frameworks */ = {
			isa = PBXFrameworksBuildPhase;
			buildActionMask = 2147483647;
			files = (
			);
			runOnlyForDeploymentPostprocessing = 0;
		};
		4734EFBE1D11233B0000EF12 /* Frameworks */ = {
			isa = PBXFrameworksBuildPhase;
			buildActionMask = 2147483647;
			files = (
			);
			runOnlyForDeploymentPostprocessing = 0;
		};
		4734EFC91D11233B0000EF12 /* Frameworks */ = {
			isa = PBXFrameworksBuildPhase;
			buildActionMask = 2147483647;
			files = (
			);
			runOnlyForDeploymentPostprocessing = 0;
		};
/* End PBXFrameworksBuildPhase section */

/* Begin PBXGroup section */
		4734EF9F1D11233B0000EF12 = {
			isa = PBXGroup;
			children = (
				4734EFAA1D11233B0000EF12 /* AnimatedSendGift */,
				4734EFC41D11233B0000EF12 /* AnimatedSendGiftTests */,
				4734EFCF1D11233B0000EF12 /* AnimatedSendGiftUITests */,
				4734EFA91D11233B0000EF12 /* Products */,
			);
			sourceTree = "<group>";
		};
		4734EFA91D11233B0000EF12 /* Products */ = {
			isa = PBXGroup;
			children = (
				4734EFA81D11233B0000EF12 /* AnimatedSendGift.app */,
				4734EFC11D11233B0000EF12 /* AnimatedSendGiftTests.xctest */,
				4734EFCC1D11233B0000EF12 /* AnimatedSendGiftUITests.xctest */,
			);
			name = Products;
			sourceTree = "<group>";
		};
		4734EFAA1D11233B0000EF12 /* AnimatedSendGift */ = {
			isa = PBXGroup;
			children = (
				4734EFAE1D11233B0000EF12 /* AppDelegate.h */,
				4734EFAF1D11233B0000EF12 /* AppDelegate.m */,
				4734EFB11D11233B0000EF12 /* ViewController.h */,
				4734EFB21D11233B0000EF12 /* ViewController.m */,
				4734EFB41D11233B0000EF12 /* Main.storyboard */,
				4734EFB71D11233B0000EF12 /* Assets.xcassets */,
				4734EFB91D11233B0000EF12 /* LaunchScreen.storyboard */,
				4734EFBC1D11233B0000EF12 /* Info.plist */,
				4734EFAB1D11233B0000EF12 /* Supporting Files */,
			);
			path = AnimatedSendGift;
			sourceTree = "<group>";
		};
		4734EFAB1D11233B0000EF12 /* Supporting Files */ = {
			isa = PBXGroup;
			children = (
				4734EFAC1D11233B0000EF12 /* main.m */,
			);
			name = "Supporting Files";
			sourceTree = "<group>";
		};
		4734EFC41D11233B0000EF12 /* AnimatedSendGiftTests */ = {
			isa = PBXGroup;
			children = (
				4734EFC51D11233B0000EF12 /* AnimatedSendGiftTests.m */,
				4734EFC71D11233B0000EF12 /* Info.plist */,
			);
			path = AnimatedSendGiftTests;
			sourceTree = "<group>";
		};
		4734EFCF1D11233B0000EF12 /* AnimatedSendGiftUITests */ = {
			isa = PBXGroup;
			children = (
				4734EFD01D11233B0000EF12 /* AnimatedSendGiftUITests.m */,
				4734EFD21D11233B0000EF12 /* Info.plist */,
			);
			path = AnimatedSendGiftUITests;
			sourceTree = "<group>";
		};
/* End PBXGroup section */

/* Begin PBXNativeTarget section */
		4734EFA71D11233B0000EF12 /* AnimatedSendGift */ = {
			isa = PBXNativeTarget;
			buildConfigurationList = 4734EFD51D11233B0000EF12 /* Build configuration list for PBXNativeTarget "AnimatedSendGift" */;
			buildPhases = (
				4734EFA41D11233B0000EF12 /* Sources */,
				4734EFA51D11233B0000EF12 /* Frameworks */,
				4734EFA61D11233B0000EF12 /* Resources */,
			);
			buildRules = (
			);
			dependencies = (
			);
			name = AnimatedSendGift;
			productName = AnimatedSendGift;
			productReference = 4734EFA81D11233B0000EF12 /* AnimatedSendGift.app */;
			productType = "com.apple.product-type.application";
		};
		4734EFC01D11233B0000EF12 /* AnimatedSendGiftTests */ = {
			isa = PBXNativeTarget;
			buildConfigurationList = 4734EFD81D11233B0000EF12 /* Build configuration list for PBXNativeTarget "AnimatedSendGiftTests" */;
			buildPhases = (
				4734EFBD1D11233B0000EF12 /* Sources */,
				4734EFBE1D11233B0000EF12 /* Frameworks */,
				4734EFBF1D11233B0000EF12 /* Resources */,
			);
			buildRules = (
			);
			dependencies = (
				4734EFC31D11233B0000EF12 /* PBXTargetDependency */,
			);
			name = AnimatedSendGiftTests;
			productName = AnimatedSendGiftTests;
			productReference = 4734EFC11D11233B0000EF12 /* AnimatedSendGiftTests.xctest */;
			productType = "com.apple.product-type.bundle.unit-test";
		};
		4734EFCB1D11233B0000EF12 /* AnimatedSendGiftUITests */ = {
			isa = PBXNativeTarget;
			buildConfigurationList = 4734EFDB1D11233B0000EF12 /* Build configuration list for PBXNativeTarget "AnimatedSendGiftUITests" */;
			buildPhases = (
				4734EFC81D11233B0000EF12 /* Sources */,
				4734EFC91D11233B0000EF12 /* Frameworks */,
				4734EFCA1D11233B0000EF12 /* Resources */,
			);
			buildRules = (
			);
			dependencies = (
				4734EFCE1D11233B0000EF12 /* PBXTargetDependency */,
			);
			name = AnimatedSendGiftUITests;
			productName = AnimatedSendGiftUITests;
			productReference = 4734EFCC1D11233B0000EF12 /* AnimatedSendGiftUITests.xctest */;
			productType = "com.apple.product-type.bundle.ui-testing";
		};
/* End PBXNativeTarget section */

/* Begin PBXProject section */
		4734EFA01D11233B0000EF12 /* Project object */ = {
			isa = PBXProject;
			attributes = {
				LastUpgradeCheck = 0730;
				ORGANIZATIONNAME = Cobb;
				TargetAttributes = {
					4734EFA71D11233B0000EF12 = {
						CreatedOnToolsVersion = 7.3.1;
					};
					4734EFC01D11233B0000EF12 = {
						CreatedOnToolsVersion = 7.3.1;
						TestTargetID = 4734EFA71D11233B0000EF12;
					};
					4734EFCB1D11233B0000EF12 = {
						CreatedOnToolsVersion = 7.3.1;
						TestTargetID = 4734EFA71D11233B0000EF12;
					};
				};
			};
			buildConfigurationList = 4734EFA31D11233B0000EF12 /* Build configuration list for PBXProject "AnimatedSendGift" */;
			compatibilityVersion = "Xcode 3.2";
			developmentRegion = English;
			hasScannedForEncodings = 0;
			knownRegions = (
				en,
				Base,
			);
			mainGroup = 4734EF9F1D11233B0000EF12;
			productRefGroup = 4734EFA91D11233B0000EF12 /* Products */;
			projectDirPath = "";
			projectRoot = "";
			targets = (
				4734EFA71D11233B0000EF12 /* AnimatedSendGift */,
				4734EFC01D11233B0000EF12 /* AnimatedSendGiftTests */,
				4734EFCB1D11233B0000EF12 /* AnimatedSendGiftUITests */,
			);
		};
/* End PBXProject section */

/* Begin PBXResourcesBuildPhase section */
		4734EFA61D11233B0000EF12 /* Resources */ = {
			isa = PBXResourcesBuildPhase;
			buildActionMask = 2147483647;
			files = (
				4734EFBB1D11233B0000EF12 /* LaunchScreen.storyboard in Resources */,
				4734EFB81D11233B0000EF12 /* Assets.xcassets in Resources */,
				4734EFB61D11233B0000EF12 /* Main.storyboard in Resources */,
			);
			runOnlyForDeploymentPostprocessing = 0;
		};
		4734EFBF1D11233B0000EF12 /* Resources */ = {
			isa = PBXResourcesBuildPhase;
			buildActionMask = 2147483647;
			files = (
			);
			runOnlyForDeploymentPostprocessing = 0;
		};
		4734EFCA1D11233B0000EF12 /* Resources */ = {
			isa = PBXResourcesBuildPhase;
			buildActionMask = 2147483647;
			files = (
			);
			runOnlyForDeploymentPostprocessing = 0;
		};
/* End PBXResourcesBuildPhase section */

/* Begin PBXSourcesBuildPhase section */
		4734EFA41D11233B0000EF12 /* Sources */ = {
			isa = PBXSourcesBuildPhase;
			buildActionMask = 2147483647;
			files = (
				4734EFB31D11233B0000EF12 /* ViewController.m in Sources */,
				4734EFB01D11233B0000EF12 /* AppDelegate.m in Sources */,
				4734EFAD1D11233B0000EF12 /* main.m in Sources */,
			);
			runOnlyForDeploymentPostprocessing = 0;
		};
		4734EFBD1D11233B0000EF12 /* Sources */ = {
			isa = PBXSourcesBuildPhase;
			buildActionMask = 2147483647;
			files = (
				4734EFC61D11233B0000EF12 /* AnimatedSendGiftTests.m in Sources */,
			);
			runOnlyForDeploymentPostprocessing = 0;
		};
		4734EFC81D11233B0000EF12 /* Sources */ = {
			isa = PBXSourcesBuildPhase;
			buildActionMask = 2147483647;
			files = (
				4734EFD11D11233B0000EF12 /* AnimatedSendGiftUITests.m in Sources */,
			);
			runOnlyForDeploymentPostprocessing = 0;
		};
/* End PBXSourcesBuildPhase section */

/* Begin PBXTargetDependency section */
		4734EFC31D11233B0000EF12 /* PBXTargetDependency */ = {
			isa = PBXTargetDependency;
			target = 4734EFA71D11233B0000EF12 /* AnimatedSendGift */;
			targetProxy = 4734EFC21D11233B0000EF12 /* PBXContainerItemProxy */;
		};
		4734EFCE1D11233B0000EF12 /* PBXTargetDependency */ = {
			isa = PBXTargetDependency;
			target = 4734EFA71D11233B0000EF12 /* AnimatedSendGift */;
			targetProxy = 4734EFCD1D11233B0000EF12 /* PBXContainerItemProxy */;
		};
/* End PBXTargetDependency section */

/* Begin PBXVariantGroup section */
		4734EFB41D11233B0000EF12 /* Main.storyboard */ = {
			isa = PBXVariantGroup;
			children = (
				4734EFB51D11233B0000EF12 /* Base */,
			);
			name = Main.storyboard;
			sourceTree = "<group>";
		};
		4734EFB91D11233B0000EF12 /* LaunchScreen.storyboard */ = {
			isa = PBXVariantGroup;
			children = (
				4734EFBA1D11233B0000EF12 /* Base */,
			);
			name = LaunchScreen.storyboard;
			sourceTree = "<group>";
		};
/* End PBXVariantGroup section */

/* Begin XCBuildConfiguration section */
		4734EFD31D11233B0000EF12 /* Debug */ = {
			isa = XCBuildConfiguration;
			buildSettings = {
				ALWAYS_SEARCH_USER_PATHS = NO;
				CLANG_ANALYZER_NONNULL = YES;
				CLANG_CXX_LANGUAGE_STANDARD = "gnu++0x";
				CLANG_CXX_LIBRARY = "libc++";
				CLANG_ENABLE_MODULES = YES;
				CLANG_ENABLE_OBJC_ARC = YES;
				CLANG_WARN_BOOL_CONVERSION = YES;
				CLANG_WARN_CONSTANT_CONVERSION = YES;
				CLANG_WARN_DIRECT_OBJC_ISA_USAGE = YES_ERROR;
				CLANG_WARN_EMPTY_BODY = YES;
				CLANG_WARN_ENUM_CONVERSION = YES;
				CLANG_WARN_INT_CONVERSION = YES;
				CLANG_WARN_OBJC_ROOT_CLASS = YES_ERROR;
				CLANG_WARN_UNREACHABLE_CODE = YES;
				CLANG_WARN__DUPLICATE_METHOD_MATCH = YES;
				"CODE_SIGN_IDENTITY[sdk=iphoneos*]" = "iPhone Developer";
				COPY_PHASE_STRIP = NO;
				DEBUG_INFORMATION_FORMAT = dwarf;
				ENABLE_STRICT_OBJC_MSGSEND = YES;
				ENABLE_TESTABILITY = YES;
				GCC_C_LANGUAGE_STANDARD = gnu99;
				GCC_DYNAMIC_NO_PIC = NO;
				GCC_NO_COMMON_BLOCKS = YES;
				GCC_OPTIMIZATION_LEVEL = 0;
				GCC_PREPROCESSOR_DEFINITIONS = (
					"DEBUG=1",
					"$(inherited)",
				);
				GCC_WARN_64_TO_32_BIT_CONVERSION = YES;
				GCC_WARN_ABOUT_RETURN_TYPE = YES_ERROR;
				GCC_WARN_UNDECLARED_SELECTOR = YES;
				GCC_WARN_UNINITIALIZED_AUTOS = YES_AGGRESSIVE;
				GCC_WARN_UNUSED_FUNCTION = YES;
				GCC_WARN_UNUSED_VARIABLE = YES;
				IPHONEOS_DEPLOYMENT_TARGET = 9.3;
				MTL_ENABLE_DEBUG_INFO = YES;
				ONLY_ACTIVE_ARCH = YES;
				SDKROOT = iphoneos;
				TARGETED_DEVICE_FAMILY = "1,2";
			};
			name = Debug;
		};
		4734EFD41D11233B0000EF12 /* Release */ = {
			isa = XCBuildConfiguration;
			buildSettings = {
				ALWAYS_SEARCH_USER_PATHS = NO;
				CLANG_ANALYZER_NONNULL = YES;
				CLANG_CXX_LANGUAGE_STANDARD = "gnu++0x";
				CLANG_CXX_LIBRARY = "libc++";
				CLANG_ENABLE_MODULES = YES;
				CLANG_ENABLE_OBJC_ARC = YES;
				CLANG_WARN_BOOL_CONVERSION = YES;
				CLANG_WARN_CONSTANT_CONVERSION = YES;
				CLANG_WARN_DIRECT_OBJC_ISA_USAGE = YES_ERROR;
				CLANG_WARN_EMPTY_BODY = YES;
				CLANG_WARN_ENUM_CONVERSION = YES;
				CLANG_WARN_INT_CONVERSION = YES;
				CLANG_WARN_OBJC_ROOT_CLASS = YES_ERROR;
				CLANG_WARN_UNREACHABLE_CODE = YES;
				CLANG_WARN__DUPLICATE_METHOD_MATCH = YES;
				"CODE_SIGN_IDENTITY[sdk=iphoneos*]" = "iPhone Developer";
				COPY_PHASE_STRIP = NO;
				DEBUG_INFORMATION_FORMAT = "dwarf-with-dsym";
				ENABLE_NS_ASSERTIONS = NO;
				ENABLE_STRICT_OBJC_MSGSEND = YES;
				GCC_C_LANGUAGE_STANDARD = gnu99;
				GCC_NO_COMMON_BLOCKS = YES;
				GCC_WARN_64_TO_32_BIT_CONVERSION = YES;
				GCC_WARN_ABOUT_RETURN_TYPE = YES_ERROR;
				GCC_WARN_UNDECLARED_SELECTOR = YES;
				GCC_WARN_UNINITIALIZED_AUTOS = YES_AGGRESSIVE;
				GCC_WARN_UNUSED_FUNCTION = YES;
				GCC_WARN_UNUSED_VARIABLE = YES;
				IPHONEOS_DEPLOYMENT_TARGET = 9.3;
				MTL_ENABLE_DEBUG_INFO = NO;
				SDKROOT = iphoneos;
				TARGETED_DEVICE_FAMILY = "1,2";
				VALIDATE_PRODUCT = YES;
			};
			name = Release;
		};
		4734EFD61D11233B0000EF12 /* Debug */ = {
			isa = XCBuildConfiguration;
			buildSettings = {
				ASSETCATALOG_COMPILER_APPICON_NAME = AppIcon;
				INFOPLIST_FILE = AnimatedSendGift/Info.plist;
				LD_RUNPATH_SEARCH_PATHS = "$(inherited) @executable_path/Frameworks";
				PRODUCT_BUNDLE_IDENTIFIER = com.Randar.AnimatedSendGift;
				PRODUCT_NAME = "$(TARGET_NAME)";
			};
			name = Debug;
		};
		4734EFD71D11233B0000EF12 /* Release */ = {
			isa = XCBuildConfiguration;
			buildSettings = {
				ASSETCATALOG_COMPILER_APPICON_NAME = AppIcon;
				INFOPLIST_FILE = AnimatedSendGift/Info.plist;
				LD_RUNPATH_SEARCH_PATHS = "$(inherited) @executable_path/Frameworks";
				PRODUCT_BUNDLE_IDENTIFIER = com.Randar.AnimatedSendGift;
				PRODUCT_NAME = "$(TARGET_NAME)";
			};
			name = Release;
		};
		4734EFD91D11233B0000EF12 /* Debug */ = {
			isa = XCBuildConfiguration;
			buildSettings = {
				BUNDLE_LOADER = "$(TEST_HOST)";
				INFOPLIST_FILE = AnimatedSendGiftTests/Info.plist;
				LD_RUNPATH_SEARCH_PATHS = "$(inherited) @executable_path/Frameworks @loader_path/Frameworks";
				PRODUCT_BUNDLE_IDENTIFIER = com.Randar.AnimatedSendGiftTests;
				PRODUCT_NAME = "$(TARGET_NAME)";
				TEST_HOST = "$(BUILT_PRODUCTS_DIR)/AnimatedSendGift.app/AnimatedSendGift";
			};
			name = Debug;
		};
		4734EFDA1D11233B0000EF12 /* Release */ = {
			isa = XCBuildConfiguration;
			buildSettings = {
				BUNDLE_LOADER = "$(TEST_HOST)";
				INFOPLIST_FILE = AnimatedSendGiftTests/Info.plist;
				LD_RUNPATH_SEARCH_PATHS = "$(inherited) @executable_path/Frameworks @loader_path/Frameworks";
				PRODUCT_BUNDLE_IDENTIFIER = com.Randar.AnimatedSendGiftTests;
				PRODUCT_NAME = "$(TARGET_NAME)";
				TEST_HOST = "$(BUILT_PRODUCTS_DIR)/AnimatedSendGift.app/AnimatedSendGift";
			};
			name = Release;
		};
		4734EFDC1D11233B0000EF12 /* Debug */ = {
			isa = XCBuildConfiguration;
			buildSettings = {
				INFOPLIST_FILE = AnimatedSendGiftUITests/Info.plist;
				LD_RUNPATH_SEARCH_PATHS = "$(inherited) @executable_path/Frameworks @loader_path/Frameworks";
				PRODUCT_BUNDLE_IDENTIFIER = com.Randar.AnimatedSendGiftUITests;
				PRODUCT_NAME = "$(TARGET_NAME)";
				TEST_TARGET_NAME = AnimatedSendGift;
			};
			name = Debug;
		};
		4734EFDD1D11233B0000EF12 /* Release */ = {
			isa = XCBuildConfiguration;
			buildSettings = {
				INFOPLIST_FILE = AnimatedSendGiftUITests/Info.plist;
				LD_RUNPATH_SEARCH_PATHS = "$(inherited) @executable_path/Frameworks @loader_path/Frameworks";
				PRODUCT_BUNDLE_IDENTIFIER = com.Randar.AnimatedSendGiftUITests;
				PRODUCT_NAME = "$(TARGET_NAME)";
				TEST_TARGET_NAME = AnimatedSendGift;
			};
			name = Release;
		};
/* End XCBuildConfiguration section */

/* Begin XCConfigurationList section */
		4734EFA31D11233B0000EF12 /* Build configuration list for PBXProject "AnimatedSendGift" */ = {
			isa = XCConfigurationList;
			buildConfigurations = (
				4734EFD31D11233B0000EF12 /* Debug */,
				4734EFD41D11233B0000EF12 /* Release */,
			);
			defaultConfigurationIsVisible = 0;
			defaultConfigurationName = Release;
		};
		4734EFD51D11233B0000EF12 /* Build configuration list for PBXNativeTarget "AnimatedSendGift" */ = {
			isa = XCConfigurationList;
			buildConfigurations = (
				4734EFD61D11233B0000EF12 /* Debug */,
				4734EFD71D11233B0000EF12 /* Release */,
			);
			defaultConfigurationIsVisible = 0;
		};
		4734EFD81D11233B0000EF12 /* Build configuration list for PBXNativeTarget "AnimatedSendGiftTests" */ = {
			isa = XCConfigurationList;
			buildConfigurations = (
				4734EFD91D11233B0000EF12 /* Debug */,
				4734EFDA1D11233B0000EF12 /* Release */,
			);
			defaultConfigurationIsVisible = 0;
		};
		4734EFDB1D11233B0000EF12 /* Build configuration list for PBXNativeTarget "AnimatedSendGiftUITests" */ = {
			isa = XCConfigurationList;
			buildConfigurations = (
				4734EFDC1D11233B0000EF12 /* Debug */,
				4734EFDD1D11233B0000EF12 /* Release */,
			);
			defaultConfigurationIsVisible = 0;
		};
/* End XCConfigurationList section */
	};
	rootObject = 4734EFA01D11233B0000EF12 /* Project object */;
}
